
Microsoft Visual Studio Solution File, Format Version 12.00
# Visual Studio Version 16
VisualStudioVersion = 16.0.30204.135
MinimumVisualStudioVersion = 10.0.40219.1
Project("{FAE04EC0-301F-11D3-BF4B-00C04F79EFBC}") = "ScoreBoard", "ScoreBoard\ScoreBoard.csproj", "{44AB2CEB-5B55-4B54-9BC5-84049A52F184}"
EndProject
Project("{FAE04EC0-301F-11D3-BF4B-00C04F79EFBC}") = "ScoreBoard.Tests", "ScoreBoard.Tests\ScoreBoard.Tests.csproj", "{FB7DACCF-5D5E-43A5-8258-7EF2060614AE}"
EndProject
Global
	GlobalSection(SolutionConfigurationPlatforms) = preSolution
		Debug|Any CPU = Debug|Any CPU
		Release|Any CPU = Release|Any CPU
	EndGlobalSection
	GlobalSection(ProjectConfigurationPlatforms) = postSolution
		{44AB2CEB-5B55-4B54-9BC5-84049A52F184}.Debug|Any CPU.ActiveCfg = Debug|Any CPU
		{44AB2CEB-5B55-4B54-9BC5-84049A52F184}.Debug|Any CPU.Build.0 = Debug|Any CPU
		{44AB2CEB-5B55-4B54-9BC5-84049A52F184}.Release|Any CPU.ActiveCfg = Release|Any CPU
		{44AB2CEB-5B55-4B54-9BC5-84049A52F184}.Release|Any CPU.Build.0 = Release|Any CPU
		{FB7DACCF-5D5E-43A5-8258-7EF2060614AE}.Debug|Any CPU.ActiveCfg = Debug|Any CPU
		{FB7DACCF-5D5E-43A5-8258-7EF2060614AE}.Debug|Any CPU.Build.0 = Debug|Any CPU
		{FB7DACCF-5D5E-43A5-8258-7EF2060614AE}.Release|Any CPU.ActiveCfg = Release|Any CPU
		{FB7DACCF-5D5E-43A5-8258-7EF2060614AE}.Release|Any CPU.Build.0 = Release|Any CPU
	EndGlobalSection
	GlobalSection(SolutionProperties) = preSolution
		HideSolutionNode = FALSE
	EndGlobalSection
	GlobalSection(ExtensibilityGlobals) = postSolution
		SolutionGuid = {3E39228E-E227-4016-B647-A0D80279AAF5}
	EndGlobalSection
EndGlobal
